
Microsoft Visual Studio Solution File, Format Version 12.00
# Visual Studio Version 17
VisualStudioVersion = 17.14.37216.2 d17.14
MinimumVisualStudioVersion = 10.0.40219.1
Project("{888888A0-9F3D-457C-B088-3A5042F75D52}") = "PYTHON_BD", "PYTHON_BD\PYTHON_BD.pyproj", "{3C969EF9-A559-491C-AA63-FA7FB0D2BE43}"
EndProject
Global
	GlobalSection(SolutionConfigurationPlatforms) = preSolution
		Debug|Any CPU = Debug|Any CPU
		Release|Any CPU = Release|Any CPU
	EndGlobalSection
	GlobalSection(ProjectConfigurationPlatforms) = postSolution
		{3C969EF9-A559-491C-AA63-FA7FB0D2BE43}.Debug|Any CPU.ActiveCfg = Debug|Any CPU
		{3C969EF9-A559-491C-AA63-FA7FB0D2BE43}.Release|Any CPU.ActiveCfg = Release|Any CPU
	EndGlobalSection
	GlobalSection(SolutionProperties) = preSolution
		HideSolutionNode = FALSE
	EndGlobalSection
	GlobalSection(ExtensibilityGlobals) = postSolution
		SolutionGuid = {AFEF2B04-CDA1-4E87-B310-285D864D33AA}
	EndGlobalSection
EndGlobal
