
Microsoft Visual Studio Solution File, Format Version 12.00
# Visual Studio Version 17
VisualStudioVersion = 17.14.37216.2 d17.14
MinimumVisualStudioVersion = 10.0.40219.1
Project("{888888A0-9F3D-457C-B088-3A5042F75D52}") = "PYTHON_BD", "PYTHON_BD\PYTHON_BD.pyproj", "{3C969EF9-A559-491C-AA63-FA7FB0D2BE43}"
EndProject
Global
	GlobalSection(SolutionConfigurationPlatforms) = preSolution
		Debug|Any CPU = Debug|Any CPU
		Release|Any CPU = Release|Any CPU
	EndGlobalSection
	GlobalSection(ProjectConfigurationPlatforms) = postSolution
		{3C969EF9-A559-491C-AA63-FA7FB0D2BE43}.Debug|Any CPU.ActiveCfg = Debug|Any CPU
		{3C969EF9-A559-491C-AA63-FA7FB0D2BE43}.Release|Any CPU.ActiveCfg = Release|Any CPU
	EndGlobalSection
	GlobalSection(SolutionProperties) = preSolution
		HideSolutionNode = FALSE
	EndGlobalSection
	GlobalSection(ExtensibilityGlobals) = postSolution
		SolutionGuid = {AFEF2B04-CDA1-4E87-B310-285D864D33AA}
	EndGlobalSection
EndGlobal



def main():
    print("--- Sistema Experto para Mantenimiento de Máquina ---")
    
    # 1. Solicitar la temperatura de la máquina
    try:
        temp_input = input("Temperatura: ")
        temperatura = float(temp_input)
    except ValueError:
        print("Error: Por favor, ingrese un valor numérico válido para la temperatura.")
        return

    # 2. Solicitar el nivel de vibración
    vibracion_input = input("Vibración: ")
    # Normalizamos la entrada a minúsculas y quitamos espacios en blanco
    vibracion = vibracion_input.strip().lower()

    # Inicializamos variables para la decisión y la explicación
    diagnostico = ""
    explicacion = ""

    # 3 & 4. Base de conocimiento y Motor de inferencia (if, elif, else)
    
    # Regla 1: Temperatura > 80 °C y vibración alta
    if temperatura > 80 and vibracion == 'alta':
        diagnostico = "MANTENIMIENTO INMEDIATO"
        explicacion = (
            "Temperatura > 80 °C\n"
            "Vibración = alta\n"
            "Regla aplicada: mantenimiento inmediato"
        )
        
    # Regla 2: Temperatura > 80 °C y vibración normal
    elif temperatura > 80 and vibracion == 'normal':
        diagnostico = "REVISIÓN DE TEMPERATURA"
        explicacion = (
            "Temperatura > 80 °C\n"
            "Vibración = normal\n"
            "Regla aplicada: revisión de temperatura"
        )
        
    # Regla 3: Temperatura entre 60 y 80 °C y vibración alta
    elif 60 <= temperatura <= 80 and vibracion == 'alta':
        diagnostico = "REVISIÓN DE VIBRACIÓN"
        explicacion = (
            "Temperatura entre 60 y 80 °C\n"
            "Vibración = alta\n"
            "Regla aplicada: revisión de vibración"
        )
        
    # Regla 4: Temperatura <= 60 °C y vibración normal
    elif temperatura <= 60 and vibracion == 'normal':
        diagnostico = "FUNCIONAMIENTO NORMAL"
        explicacion = (
            "Temperatura <= 60 °C\n"
            "Vibración = normal\n"
            "Regla aplicada: funcionamiento normal"
        )
        
    # Caso para combinaciones no definidas en la base de conocimiento
    else:
        diagnostico = "ESTADO NO DETERMINADO"
        explicacion = (
            "Las condiciones ingresadas no coinciden con ninguna regla "
            "de la base de conocimiento actual."
        )

    # 5 & 6. Mostrar la decisión y la explicación
    print(f"\nDiagnóstico: {diagnostico}")
    print("Explicación:")
    print(explicacion)

if __name__ == "__main__":
    main()
